
Microsoft Visual Studio Solution File, Format Version 12.00
# Visual Studio Version 17
VisualStudioVersion = 17.3.32929.385
MinimumVisualStudioVersion = 10.0.40219.1
Project("{9A19103F-16F7-4668-BE54-9A1E7A4F7556}") = "WebUI", "WebUI\WebUI.csproj", "{15EFAD67-39BE-4EFD-B2D1-3FB18125A3BE}"
EndProject
Project("{9A19103F-16F7-4668-BE54-9A1E7A4F7556}") = "DataAccess", "DataAccess\DataAccess.csproj", "{7D6EC789-4339-4F46-94B6-A4FBB8809C4C}"
EndProject
Project("{FAE04EC0-301F-11D3-BF4B-00C04F79EFBC}") = "Business", "Business\Business.csproj", "{AF15926A-8FA5-4338-BC8F-3269B19FA7CB}"
EndProject
Global
	GlobalSection(SolutionConfigurationPlatforms) = preSolution
		Debug|Any CPU = Debug|Any CPU
		Release|Any CPU = Release|Any CPU
	EndGlobalSection
	GlobalSection(ProjectConfigurationPlatforms) = postSolution
		{15EFAD67-39BE-4EFD-B2D1-3FB18125A3BE}.Debug|Any CPU.ActiveCfg = Debug|Any CPU
		{15EFAD67-39BE-4EFD-B2D1-3FB18125A3BE}.Debug|Any CPU.Build.0 = Debug|Any CPU
		{15EFAD67-39BE-4EFD-B2D1-3FB18125A3BE}.Release|Any CPU.ActiveCfg = Release|Any CPU
		{15EFAD67-39BE-4EFD-B2D1-3FB18125A3BE}.Release|Any CPU.Build.0 = Release|Any CPU
		{7D6EC789-4339-4F46-94B6-A4FBB8809C4C}.Debug|Any CPU.ActiveCfg = Debug|Any CPU
		{7D6EC789-4339-4F46-94B6-A4FBB8809C4C}.Debug|Any CPU.Build.0 = Debug|Any CPU
		{7D6EC789-4339-4F46-94B6-A4FBB8809C4C}.Release|Any CPU.ActiveCfg = Release|Any CPU
		{7D6EC789-4339-4F46-94B6-A4FBB8809C4C}.Release|Any CPU.Build.0 = Release|Any CPU
		{AF15926A-8FA5-4338-BC8F-3269B19FA7CB}.Debug|Any CPU.ActiveCfg = Debug|Any CPU
		{AF15926A-8FA5-4338-BC8F-3269B19FA7CB}.Debug|Any CPU.Build.0 = Debug|Any CPU
		{AF15926A-8FA5-4338-BC8F-3269B19FA7CB}.Release|Any CPU.ActiveCfg = Release|Any CPU
		{AF15926A-8FA5-4338-BC8F-3269B19FA7CB}.Release|Any CPU.Build.0 = Release|Any CPU
	EndGlobalSection
	GlobalSection(SolutionProperties) = preSolution
		HideSolutionNode = FALSE
	EndGlobalSection
	GlobalSection(ExtensibilityGlobals) = postSolution
		SolutionGuid = {602B990D-AAA3-4195-B734-B5078EF93604}
	EndGlobalSection
EndGlobal
